// !$*UTF8*$!
{
	archiveVersion = 1;
	classes = {
	};
	objectVersion = 50;
	objects = {

/* Begin PBXBuildFile section */
		4E71621926CBD09900034196 /* StickXSportApp.swift in Sources */ = {isa = PBXBuildFile; fileRef = 4E71621826CBD09900034196 /* StickXSportApp.swift */; };
		4E71621B26CBD09900034196 /* ContentView.swift in Sources */ = {isa = PBXBuildFile; fileRef = 4E71621A26CBD09900034196 /* ContentView.swift */; };
		4E71621D26CBD09A00034196 /* Assets.xcassets in Resources */ = {isa = PBXBuildFile; fileRef = 4E71621C26CBD09A00034196 /* Assets.xcassets */; };
		4E71622026CBD09A00034196 /* Preview Assets.xcassets in Resources */ = {isa = PBXBuildFile; fileRef = 4E71621F26CBD09A00034196 /* Preview Assets.xcassets */; };
		4E71622926CBD24D00034196 /* Home.swift in Sources */ = {isa = PBXBuildFile; fileRef = 4E71622826CBD24D00034196 /* Home.swift */; };
		4EDBF79426CE3B2000435572 /* CategoryView.swift in Sources */ = {isa = PBXBuildFile; fileRef = 4EDBF79326CE3B1F00435572 /* CategoryView.swift */; };
		4EF7262C26CBD79700AB4B07 /* StickerCategory.swift in Sources */ = {isa = PBXBuildFile; fileRef = 4EF7262B26CBD79700AB4B07 /* StickerCategory.swift */; };
		4EF7262F26CBD87F00AB4B07 /* HomeViewModel.swift in Sources */ = {isa = PBXBuildFile; fileRef = 4EF7262E26CBD87F00AB4B07 /* HomeViewModel.swift */; };
		4EF7263126CBDD4200AB4B07 /* StickerView.swift in Sources */ = {isa = PBXBuildFile; fileRef = 4EF7263026CBDD4200AB4B07 /* StickerView.swift */; };
/* End PBXBuildFile section */

/* Begin PBXFileReference section */
		4E71621526CBD09900034196 /* StickXSport.app */ = {isa = PBXFileReference; explicitFileType = wrapper.application; includeInIndex = 0; path = StickXSport.app; sourceTree = BUILT_PRODUCTS_DIR; };
		4E71621826CBD09900034196 /* StickXSportApp.swift */ = {isa = PBXFileReference; lastKnownFileType = sourcecode.swift; path = StickXSportApp.swift; sourceTree = "<group>"; };
		4E71621A26CBD09900034196 /* ContentView.swift */ = {isa = PBXFileReference; lastKnownFileType = sourcecode.swift; path = ContentView.swift; sourceTree = "<group>"; };
		4E71621C26CBD09A00034196 /* Assets.xcassets */ = {isa = PBXFileReference; lastKnownFileType = folder.assetcatalog; path = Assets.xcassets; sourceTree = "<group>"; };
		4E71621F26CBD09A00034196 /* Preview Assets.xcassets */ = {isa = PBXFileReference; lastKnownFileType = folder.assetcatalog; path = "Preview Assets.xcassets"; sourceTree = "<group>"; };
		4E71622126CBD09A00034196 /* Info.plist */ = {isa = PBXFileReference; lastKnownFileType = text.plist.xml; path = Info.plist; sourceTree = "<group>"; };
		4E71622826CBD24D00034196 /* Home.swift */ = {isa = PBXFileReference; lastKnownFileType = sourcecode.swift; path = Home.swift; sourceTree = "<group>"; };
		4EDBF79326CE3B1F00435572 /* CategoryView.swift */ = {isa = PBXFileReference; lastKnownFileType = sourcecode.swift; path = CategoryView.swift; sourceTree = "<group>"; };
		4EF7262B26CBD79700AB4B07 /* StickerCategory.swift */ = {isa = PBXFileReference; lastKnownFileType = sourcecode.swift; path = StickerCategory.swift; sourceTree = "<group>"; };
		4EF7262E26CBD87F00AB4B07 /* HomeViewModel.swift */ = {isa = PBXFileReference; lastKnownFileType = sourcecode.swift; path = HomeViewModel.swift; sourceTree = "<group>"; };
		4EF7263026CBDD4200AB4B07 /* StickerView.swift */ = {isa = PBXFileReference; lastKnownFileType = sourcecode.swift; path = StickerView.swift; sourceTree = "<group>"; };
/* End PBXFileReference section */

/* Begin PBXFrameworksBuildPhase section */
		4E71621226CBD09900034196 /* Frameworks */ = {
			isa = PBXFrameworksBuildPhase;
			buildActionMask = 2147483647;
			files = (
			);
			runOnlyForDeploymentPostprocessing = 0;
		};
/* End PBXFrameworksBuildPhase section */

/* Begin PBXGroup section */
		4E71620C26CBD09900034196 = {
			isa = PBXGroup;
			children = (
				4E71621726CBD09900034196 /* StickXSport */,
				4E71621626CBD09900034196 /* Products */,
			);
			sourceTree = "<group>";
		};
		4E71621626CBD09900034196 /* Products */ = {
			isa = PBXGroup;
			children = (
				4E71621526CBD09900034196 /* StickXSport.app */,
			);
			name = Products;
			sourceTree = "<group>";
		};
		4E71621726CBD09900034196 /* StickXSport */ = {
			isa = PBXGroup;
			children = (
				4EF7262D26CBD87400AB4B07 /* ViewModels */,
				4EF7262A26CBD78800AB4B07 /* Models */,
				4E71622726CBD24600034196 /* Views */,
				4E71621826CBD09900034196 /* StickXSportApp.swift */,
				4E71621A26CBD09900034196 /* ContentView.swift */,
				4E71621C26CBD09A00034196 /* Assets.xcassets */,
				4E71622126CBD09A00034196 /* Info.plist */,
				4E71621E26CBD09A00034196 /* Preview Content */,
			);
			path = StickXSport;
			sourceTree = "<group>";
		};
		4E71621E26CBD09A00034196 /* Preview Content */ = {
			isa = PBXGroup;
			children = (
				4E71621F26CBD09A00034196 /* Preview Assets.xcassets */,
			);
			path = "Preview Content";
			sourceTree = "<group>";
		};
		4E71622726CBD24600034196 /* Views */ = {
			isa = PBXGroup;
			children = (
				4E71622826CBD24D00034196 /* Home.swift */,
				4EF7263026CBDD4200AB4B07 /* StickerView.swift */,
				4EDBF79326CE3B1F00435572 /* CategoryView.swift */,
			);
			path = Views;
			sourceTree = "<group>";
		};
		4EF7262A26CBD78800AB4B07 /* Models */ = {
			isa = PBXGroup;
			children = (
				4EF7262B26CBD79700AB4B07 /* StickerCategory.swift */,
			);
			path = Models;
			sourceTree = "<group>";
		};
		4EF7262D26CBD87400AB4B07 /* ViewModels */ = {
			isa = PBXGroup;
			children = (
				4EF7262E26CBD87F00AB4B07 /* HomeViewModel.swift */,
			);
			path = ViewModels;
			sourceTree = "<group>";
		};
/* End PBXGroup section */

/* Begin PBXNativeTarget section */
		4E71621426CBD09900034196 /* StickXSport */ = {
			isa = PBXNativeTarget;
			buildConfigurationList = 4E71622426CBD09A00034196 /* Build configuration list for PBXNativeTarget "StickXSport" */;
			buildPhases = (
				4E71621126CBD09900034196 /* Sources */,
				4E71621226CBD09900034196 /* Frameworks */,
				4E71621326CBD09900034196 /* Resources */,
			);
			buildRules = (
			);
			dependencies = (
			);
			name = StickXSport;
			productName = StickXSport;
			productReference = 4E71621526CBD09900034196 /* StickXSport.app */;
			productType = "com.apple.product-type.application";
		};
/* End PBXNativeTarget section */

/* Begin PBXProject section */
		4E71620D26CBD09900034196 /* Project object */ = {
			isa = PBXProject;
			attributes = {
				LastSwiftUpdateCheck = 1250;
				LastUpgradeCheck = 1250;
				TargetAttributes = {
					4E71621426CBD09900034196 = {
						CreatedOnToolsVersion = 12.5.1;
					};
				};
			};
			buildConfigurationList = 4E71621026CBD09900034196 /* Build configuration list for PBXProject "StickXSport" */;
			compatibilityVersion = "Xcode 9.3";
			developmentRegion = en;
			hasScannedForEncodings = 0;
			knownRegions = (
				en,
				Base,
			);
			mainGroup = 4E71620C26CBD09900034196;
			productRefGroup = 4E71621626CBD09900034196 /* Products */;
			projectDirPath = "";
			projectRoot = "";
			targets = (
				4E71621426CBD09900034196 /* StickXSport */,
			);
		};
/* End PBXProject section */

/* Begin PBXResourcesBuildPhase section */
		4E71621326CBD09900034196 /* Resources */ = {
			isa = PBXResourcesBuildPhase;
			buildActionMask = 2147483647;
			files = (
				4E71622026CBD09A00034196 /* Preview Assets.xcassets in Resources */,
				4E71621D26CBD09A00034196 /* Assets.xcassets in Resources */,
			);
			runOnlyForDeploymentPostprocessing = 0;
		};
/* End PBXResourcesBuildPhase section */

/* Begin PBXSourcesBuildPhase section */
		4E71621126CBD09900034196 /* Sources */ = {
			isa = PBXSourcesBuildPhase;
			buildActionMask = 2147483647;
			files = (
				4E71621B26CBD09900034196 /* ContentView.swift in Sources */,
				4EDBF79426CE3B2000435572 /* CategoryView.swift in Sources */,
				4E71622926CBD24D00034196 /* Home.swift in Sources */,
				4EF7263126CBDD4200AB4B07 /* StickerView.swift in Sources */,
				4E71621926CBD09900034196 /* StickXSportApp.swift in Sources */,
				4EF7262F26CBD87F00AB4B07 /* HomeViewModel.swift in Sources */,
				4EF7262C26CBD79700AB4B07 /* StickerCategory.swift in Sources */,
			);
			runOnlyForDeploymentPostprocessing = 0;
		};
/* End PBXSourcesBuildPhase section */

/* Begin XCBuildConfiguration section */
		4E71622226CBD09A00034196 /* Debug */ = {
			isa = XCBuildConfiguration;
			buildSettings = {
				ALWAYS_SEARCH_USER_PATHS = NO;
				CLANG_ANALYZER_NONNULL = YES;
				CLANG_ANALYZER_NUMBER_OBJECT_CONVERSION = YES_AGGRESSIVE;
				CLANG_CXX_LANGUAGE_STANDARD = "gnu++14";
				CLANG_CXX_LIBRARY = "libc++";
				CLANG_ENABLE_MODULES = YES;
				CLANG_ENABLE_OBJC_ARC = YES;
				CLANG_ENABLE_OBJC_WEAK = YES;
				CLANG_WARN_BLOCK_CAPTURE_AUTORELEASING = YES;
				CLANG_WARN_BOOL_CONVERSION = YES;
				CLANG_WARN_COMMA = YES;
				CLANG_WARN_CONSTANT_CONVERSION = YES;
				CLANG_WARN_DEPRECATED_OBJC_IMPLEMENTATIONS = YES;
				CLANG_WARN_DIRECT_OBJC_ISA_USAGE = YES_ERROR;
				CLANG_WARN_DOCUMENTATION_COMMENTS = YES;
				CLANG_WARN_EMPTY_BODY = YES;
				CLANG_WARN_ENUM_CONVERSION = YES;
				CLANG_WARN_INFINITE_RECURSION = YES;
				CLANG_WARN_INT_CONVERSION = YES;
				CLANG_WARN_NON_LITERAL_NULL_CONVERSION = YES;
				CLANG_WARN_OBJC_IMPLICIT_RETAIN_SELF = YES;
				CLANG_WARN_OBJC_LITERAL_CONVERSION = YES;
				CLANG_WARN_OBJC_ROOT_CLASS = YES_ERROR;
				CLANG_WARN_QUOTED_INCLUDE_IN_FRAMEWORK_HEADER = YES;
				CLANG_WARN_RANGE_LOOP_ANALYSIS = YES;
				CLANG_WARN_STRICT_PROTOTYPES = YES;
				CLANG_WARN_SUSPICIOUS_MOVE = YES;
				CLANG_WARN_UNGUARDED_AVAILABILITY = YES_AGGRESSIVE;
				CLANG_WARN_UNREACHABLE_CODE = YES;
				CLANG_WARN__DUPLICATE_METHOD_MATCH = YES;
				COPY_PHASE_STRIP = NO;
				DEBUG_INFORMATION_FORMAT = dwarf;
				ENABLE_STRICT_OBJC_MSGSEND = YES;
				ENABLE_TESTABILITY = YES;
				GCC_C_LANGUAGE_STANDARD = gnu11;
				GCC_DYNAMIC_NO_PIC = NO;
				GCC_NO_COMMON_BLOCKS = YES;
				GCC_OPTIMIZATION_LEVEL = 0;
				GCC_PREPROCESSOR_DEFINITIONS = (
					"DEBUG=1",
					"$(inherited)",
				);
				GCC_WARN_64_TO_32_BIT_CONVERSION = YES;
				GCC_WARN_ABOUT_RETURN_TYPE = YES_ERROR;
				GCC_WARN_UNDECLARED_SELECTOR = YES;
				GCC_WARN_UNINITIALIZED_AUTOS = YES_AGGRESSIVE;
				GCC_WARN_UNUSED_FUNCTION = YES;
				GCC_WARN_UNUSED_VARIABLE = YES;
				IPHONEOS_DEPLOYMENT_TARGET = 14.5;
				MTL_ENABLE_DEBUG_INFO = INCLUDE_SOURCE;
				MTL_FAST_MATH = YES;
				ONLY_ACTIVE_ARCH = YES;
				SDKROOT = iphoneos;
				SWIFT_ACTIVE_COMPILATION_CONDITIONS = DEBUG;
				SWIFT_OPTIMIZATION_LEVEL = "-Onone";
			};
			name = Debug;
		};
		4E71622326CBD09A00034196 /* Release */ = {
			isa = XCBuildConfiguration;
			buildSettings = {
				ALWAYS_SEARCH_USER_PATHS = NO;
				CLANG_ANALYZER_NONNULL = YES;
				CLANG_ANALYZER_NUMBER_OBJECT_CONVERSION = YES_AGGRESSIVE;
				CLANG_CXX_LANGUAGE_STANDARD = "gnu++14";
				CLANG_CXX_LIBRARY = "libc++";
				CLANG_ENABLE_MODULES = YES;
				CLANG_ENABLE_OBJC_ARC = YES;
				CLANG_ENABLE_OBJC_WEAK = YES;
				CLANG_WARN_BLOCK_CAPTURE_AUTORELEASING = YES;
				CLANG_WARN_BOOL_CONVERSION = YES;
				CLANG_WARN_COMMA = YES;
				CLANG_WARN_CONSTANT_CONVERSION = YES;
				CLANG_WARN_DEPRECATED_OBJC_IMPLEMENTATIONS = YES;
				CLANG_WARN_DIRECT_OBJC_ISA_USAGE = YES_ERROR;
				CLANG_WARN_DOCUMENTATION_COMMENTS = YES;
				CLANG_WARN_EMPTY_BODY = YES;
				CLANG_WARN_ENUM_CONVERSION = YES;
				CLANG_WARN_INFINITE_RECURSION = YES;
				CLANG_WARN_INT_CONVERSION = YES;
				CLANG_WARN_NON_LITERAL_NULL_CONVERSION = YES;
				CLANG_WARN_OBJC_IMPLICIT_RETAIN_SELF = YES;
				CLANG_WARN_OBJC_LITERAL_CONVERSION = YES;
				CLANG_WARN_OBJC_ROOT_CLASS = YES_ERROR;
				CLANG_WARN_QUOTED_INCLUDE_IN_FRAMEWORK_HEADER = YES;
				CLANG_WARN_RANGE_LOOP_ANALYSIS = YES;
				CLANG_WARN_STRICT_PROTOTYPES = YES;
				CLANG_WARN_SUSPICIOUS_MOVE = YES;
				CLANG_WARN_UNGUARDED_AVAILABILITY = YES_AGGRESSIVE;
				CLANG_WARN_UNREACHABLE_CODE = YES;
				CLANG_WARN__DUPLICATE_METHOD_MATCH = YES;
				COPY_PHASE_STRIP = NO;
				DEBUG_INFORMATION_FORMAT = "dwarf-with-dsym";
				ENABLE_NS_ASSERTIONS = NO;
				ENABLE_STRICT_OBJC_MSGSEND = YES;
				GCC_C_LANGUAGE_STANDARD = gnu11;
				GCC_NO_COMMON_BLOCKS = YES;
				GCC_WARN_64_TO_32_BIT_CONVERSION = YES;
				GCC_WARN_ABOUT_RETURN_TYPE = YES_ERROR;
				GCC_WARN_UNDECLARED_SELECTOR = YES;
				GCC_WARN_UNINITIALIZED_AUTOS = YES_AGGRESSIVE;
				GCC_WARN_UNUSED_FUNCTION = YES;
				GCC_WARN_UNUSED_VARIABLE = YES;
				IPHONEOS_DEPLOYMENT_TARGET = 14.5;
				MTL_ENABLE_DEBUG_INFO = NO;
				MTL_FAST_MATH = YES;
				SDKROOT = iphoneos;
				SWIFT_COMPILATION_MODE = wholemodule;
				SWIFT_OPTIMIZATION_LEVEL = "-O";
				VALIDATE_PRODUCT = YES;
			};
			name = Release;
		};
		4E71622526CBD09A00034196 /* Debug */ = {
			isa = XCBuildConfiguration;
			buildSettings = {
				ASSETCATALOG_COMPILER_APPICON_NAME = AppIcon;
				ASSETCATALOG_COMPILER_GLOBAL_ACCENT_COLOR_NAME = AccentColor;
				CODE_SIGN_STYLE = Automatic;
				DEVELOPMENT_ASSET_PATHS = "\"StickXSport/Preview Content\"";
				DEVELOPMENT_TEAM = VWD3W6VA3Y;
				ENABLE_PREVIEWS = YES;
				INFOPLIST_FILE = StickXSport/Info.plist;
				IPHONEOS_DEPLOYMENT_TARGET = 14.0;
				LD_RUNPATH_SEARCH_PATHS = (
					"$(inherited)",
					"@executable_path/Frameworks",
				);
				PRODUCT_BUNDLE_IDENTIFIER = vladponcea.StickXSport;
				PRODUCT_NAME = "$(TARGET_NAME)";
				SWIFT_VERSION = 5.0;
				TARGETED_DEVICE_FAMILY = "1,2";
			};
			name = Debug;
		};
		4E71622626CBD09A00034196 /* Release */ = {
			isa = XCBuildConfiguration;
			buildSettings = {
				ASSETCATALOG_COMPILER_APPICON_NAME = AppIcon;
				ASSETCATALOG_COMPILER_GLOBAL_ACCENT_COLOR_NAME = AccentColor;
				CODE_SIGN_STYLE = Automatic;
				DEVELOPMENT_ASSET_PATHS = "\"StickXSport/Preview Content\"";
				DEVELOPMENT_TEAM = VWD3W6VA3Y;
				ENABLE_PREVIEWS = YES;
				INFOPLIST_FILE = StickXSport/Info.plist;
				IPHONEOS_DEPLOYMENT_TARGET = 14.0;
				LD_RUNPATH_SEARCH_PATHS = (
					"$(inherited)",
					"@executable_path/Frameworks",
				);
				PRODUCT_BUNDLE_IDENTIFIER = vladponcea.StickXSport;
				PRODUCT_NAME = "$(TARGET_NAME)";
				SWIFT_VERSION = 5.0;
				TARGETED_DEVICE_FAMILY = "1,2";
			};
			name = Release;
		};
/* End XCBuildConfiguration section */

/* Begin XCConfigurationList section */
		4E71621026CBD09900034196 /* Build configuration list for PBXProject "StickXSport" */ = {
			isa = XCConfigurationList;
			buildConfigurations = (
				4E71622226CBD09A00034196 /* Debug */,
				4E71622326CBD09A00034196 /* Release */,
			);
			defaultConfigurationIsVisible = 0;
			defaultConfigurationName = Release;
		};
		4E71622426CBD09A00034196 /* Build configuration list for PBXNativeTarget "StickXSport" */ = {
			isa = XCConfigurationList;
			buildConfigurations = (
				4E71622526CBD09A00034196 /* Debug */,
				4E71622626CBD09A00034196 /* Release */,
			);
			defaultConfigurationIsVisible = 0;
			defaultConfigurationName = Release;
		};
/* End XCConfigurationList section */
	};
	rootObject = 4E71620D26CBD09900034196 /* Project object */;
}
